
Microsoft Visual Studio Solution File, Format Version 12.00
# Visual Studio Version 17
VisualStudioVersion = 17.7.34031.279
MinimumVisualStudioVersion = 10.0.40219.1
Project("{FAE04EC0-301F-11D3-BF4B-00C04F79EFBC}") = "StudentRestApi", "StudentRestApi\StudentRestApi.csproj", "{D076B603-A01A-4AB8-8FAD-3635FBB8DBDE}"
EndProject
Global
	GlobalSection(SolutionConfigurationPlatforms) = preSolution
		Debug|Any CPU = Debug|Any CPU
		Release|Any CPU = Release|Any CPU
	EndGlobalSection
	GlobalSection(ProjectConfigurationPlatforms) = postSolution
		{D076B603-A01A-4AB8-8FAD-3635FBB8DBDE}.Debug|Any CPU.ActiveCfg = Debug|Any CPU
		{D076B603-A01A-4AB8-8FAD-3635FBB8DBDE}.Debug|Any CPU.Build.0 = Debug|Any CPU
		{D076B603-A01A-4AB8-8FAD-3635FBB8DBDE}.Release|Any CPU.ActiveCfg = Release|Any CPU
		{D076B603-A01A-4AB8-8FAD-3635FBB8DBDE}.Release|Any CPU.Build.0 = Release|Any CPU
	EndGlobalSection
	GlobalSection(SolutionProperties) = preSolution
		HideSolutionNode = FALSE
	EndGlobalSection
	GlobalSection(ExtensibilityGlobals) = postSolution
		SolutionGuid = {81F800D1-8B76-4162-83D5-C1531FEC08D3}
	EndGlobalSection
EndGlobal
