
Microsoft Visual Studio Solution File, Format Version 12.00
# Visual Studio Version 17
VisualStudioVersion = 17.7.34031.279
MinimumVisualStudioVersion = 10.0.40219.1
Project("{FAE04EC0-301F-11D3-BF4B-00C04F79EFBC}") = "BankTestingF", "BankTestingF\BankTestingF.csproj", "{33DC7A6F-520B-4FFC-BC5B-4D7996BF637F}"
EndProject
Global
	GlobalSection(SolutionConfigurationPlatforms) = preSolution
		Debug|Any CPU = Debug|Any CPU
		Release|Any CPU = Release|Any CPU
	EndGlobalSection
	GlobalSection(ProjectConfigurationPlatforms) = postSolution
		{33DC7A6F-520B-4FFC-BC5B-4D7996BF637F}.Debug|Any CPU.ActiveCfg = Debug|Any CPU
		{33DC7A6F-520B-4FFC-BC5B-4D7996BF637F}.Debug|Any CPU.Build.0 = Debug|Any CPU
		{33DC7A6F-520B-4FFC-BC5B-4D7996BF637F}.Release|Any CPU.ActiveCfg = Release|Any CPU
		{33DC7A6F-520B-4FFC-BC5B-4D7996BF637F}.Release|Any CPU.Build.0 = Release|Any CPU
	EndGlobalSection
	GlobalSection(SolutionProperties) = preSolution
		HideSolutionNode = FALSE
	EndGlobalSection
	GlobalSection(ExtensibilityGlobals) = postSolution
		SolutionGuid = {7689ECA6-F073-4E42-9014-27337A6B8938}
	EndGlobalSection
EndGlobal
