
Microsoft Visual Studio Solution File, Format Version 12.00
# Visual Studio Version 17
VisualStudioVersion = 17.7.34031.279
MinimumVisualStudioVersion = 10.0.40219.1
Project("{FAE04EC0-301F-11D3-BF4B-00C04F79EFBC}") = "CricketMatch", "CricketMatch\CricketMatch.csproj", "{59015FD3-4EC0-419C-AD2F-6CA38228A986}"
EndProject
Global
	GlobalSection(SolutionConfigurationPlatforms) = preSolution
		Debug|Any CPU = Debug|Any CPU
		Release|Any CPU = Release|Any CPU
	EndGlobalSection
	GlobalSection(ProjectConfigurationPlatforms) = postSolution
		{59015FD3-4EC0-419C-AD2F-6CA38228A986}.Debug|Any CPU.ActiveCfg = Debug|Any CPU
		{59015FD3-4EC0-419C-AD2F-6CA38228A986}.Debug|Any CPU.Build.0 = Debug|Any CPU
		{59015FD3-4EC0-419C-AD2F-6CA38228A986}.Release|Any CPU.ActiveCfg = Release|Any CPU
		{59015FD3-4EC0-419C-AD2F-6CA38228A986}.Release|Any CPU.Build.0 = Release|Any CPU
	EndGlobalSection
	GlobalSection(SolutionProperties) = preSolution
		HideSolutionNode = FALSE
	EndGlobalSection
	GlobalSection(ExtensibilityGlobals) = postSolution
		SolutionGuid = {24CFFEBE-6D9B-4798-B2A5-B896753F31A2}
	EndGlobalSection
EndGlobal
