
Microsoft Visual Studio Solution File, Format Version 12.00
# Visual Studio Version 17
VisualStudioVersion = 17.7.34031.279
MinimumVisualStudioVersion = 10.0.40219.1
Project("{FAE04EC0-301F-11D3-BF4B-00C04F79EFBC}") = "AirplaneLanding", "AirplaneLanding\AirplaneLanding.csproj", "{2880CEF3-25C6-469D-870B-7253213A098B}"
EndProject
Global
	GlobalSection(SolutionConfigurationPlatforms) = preSolution
		Debug|Any CPU = Debug|Any CPU
		Release|Any CPU = Release|Any CPU
	EndGlobalSection
	GlobalSection(ProjectConfigurationPlatforms) = postSolution
		{2880CEF3-25C6-469D-870B-7253213A098B}.Debug|Any CPU.ActiveCfg = Debug|Any CPU
		{2880CEF3-25C6-469D-870B-7253213A098B}.Debug|Any CPU.Build.0 = Debug|Any CPU
		{2880CEF3-25C6-469D-870B-7253213A098B}.Release|Any CPU.ActiveCfg = Release|Any CPU
		{2880CEF3-25C6-469D-870B-7253213A098B}.Release|Any CPU.Build.0 = Release|Any CPU
	EndGlobalSection
	GlobalSection(SolutionProperties) = preSolution
		HideSolutionNode = FALSE
	EndGlobalSection
	GlobalSection(ExtensibilityGlobals) = postSolution
		SolutionGuid = {1FCEB807-D53B-48F9-85E1-25988E702705}
	EndGlobalSection
EndGlobal
